{
  "name": "pizzalegends-rpgPractice",
  "lockfileVersion": 3,
  "requires": true,
  "packages": {
    "": {
      "dependencies": {
        "excalibur": "^0.30.3",
        "typescript": "^5.9.2"
      }
    },
    "node_modules/excalibur": {
      "version": "0.30.3",
      "resolved": "https://registry.npmjs.org/excalibur/-/excalibur-0.30.3.tgz",
      "integrity": "sha512-RUP3qQ6tFe9BJxvqh6p/I0B9rKMu+KGlHZruJyVOohiYUtCP0LsRgkVHxezvWtWsvCElVBL4PeCooE4KPlIldA==",
      "license": "BSD-2-Clause"
    },
    "node_modules/typescript": {
      "version": "5.9.2",
      "resolved": "https://registry.npmjs.org/typescript/-/typescript-5.9.2.tgz",
      "integrity": "sha512-CWBzXQrc/qOkhidw1OzBTQuYRbfyxDXJMVJ1XNwUHGROVmuaeiEm3OslpZ1RV96d7SKKjZKrSJu3+t/xlw3R9A==",
      "license": "Apache-2.0",
      "bin": {
        "tsc": "bin/tsc",
        "tsserver": "bin/tsserver"
      },
      "engines": {
        "node": ">=14.17"
      }
    }
  }
}
